<?xml version="1.0" encoding="utf-8"?>
<Project ToolsVersion="4.0" xmlns="http://schemas.microsoft.com/developer/msbuild/2003">
  <ItemGroup>
    <Filter Include="Core">
      <UniqueIdentifier>{3ba69b46-ab2e-4c90-a5b8-9d7ef0961ad4}</UniqueIdentifier>
    </Filter>
    <Filter Include="Utility">
      <UniqueIdentifier>{0f58da91-014e-4a52-b325-c0bcc46716ff}</UniqueIdentifier>
    </Filter>
  </ItemGroup>
  <ItemGroup>
    <ClCompile Include="..\..\Code\Server\TronServer.cpp">
      <Filter>Core</Filter>
    </ClCompile>
    <ClCompile Include="..\..\Code\Server\User.cpp">
      <Filter>Utility</Filter>
    </ClCompile>
    <ClCompile Include="..\..\Code\Server\main_server.cpp" />
  </ItemGroup>
  <ItemGroup>
    <ClInclude Include="..\..\Code\Server\TronServer.h">
      <Filter>Core</Filter>
    </ClInclude>
    <ClInclude Include="..\..\Code\Server\User.h">
      <Filter>Utility</Filter>
    </ClInclude>
  </ItemGroup>
</Project>