<?xml version="1.0" encoding="utf-8"?>
<Project ToolsVersion="4.0" xmlns="http://schemas.microsoft.com/developer/msbuild/2003">
  <ItemGroup>
    <Filter Include="Source Files">
      <UniqueIdentifier>{4FC737F1-C7A5-4376-A066-2A32D752A2FF}</UniqueIdentifier>
      <Extensions>cpp;c;cc;cxx;def;odl;idl;hpj;bat;asm;asmx</Extensions>
    </Filter>
    <Filter Include="Header Files">
      <UniqueIdentifier>{93995380-89BD-4b04-88EB-625FBE52EBFB}</UniqueIdentifier>
      <Extensions>h;hh;hpp;hxx;hm;inl;inc;xsd</Extensions>
    </Filter>
    <Filter Include="Header Files\Managerial">
      <UniqueIdentifier>{adea4e22-e4e3-4504-839c-bd5b40dad044}</UniqueIdentifier>
    </Filter>
    <Filter Include="Source Files\Managerial">
      <UniqueIdentifier>{ba306424-1319-45e6-8e7b-95226f287fb0}</UniqueIdentifier>
    </Filter>
    <Filter Include="Header Files\Core">
      <UniqueIdentifier>{7616f457-91c4-4d62-bd2d-a09df5d7617c}</UniqueIdentifier>
    </Filter>
    <Filter Include="Source Files\Core">
      <UniqueIdentifier>{552bebe0-89b6-4bdf-9f7d-db56e39cfe27}</UniqueIdentifier>
    </Filter>
    <Filter Include="Source Files\Utility">
      <UniqueIdentifier>{d85995c8-be84-4357-9d85-4bcdb6fd7f5f}</UniqueIdentifier>
    </Filter>
    <Filter Include="Header Files\Utility">
      <UniqueIdentifier>{e79fe75d-8fa0-4d68-a6a6-b1264bbeca94}</UniqueIdentifier>
    </Filter>
    <Filter Include="Source Files\States">
      <UniqueIdentifier>{07928339-097b-4e13-b2a8-a8e2da3447ae}</UniqueIdentifier>
    </Filter>
    <Filter Include="Header Files\States">
      <UniqueIdentifier>{4b48d6a7-dd05-431e-ba71-4bd6dedff740}</UniqueIdentifier>
    </Filter>
  </ItemGroup>
  <ItemGroup>
    <ClCompile Include="..\..\Code\Client\main_client.cpp">
      <Filter>Source Files</Filter>
    </ClCompile>
    <ClCompile Include="..\..\Code\Client\ObjectRenderer.cpp">
      <Filter>Source Files\Managerial</Filter>
    </ClCompile>
    <ClCompile Include="..\..\Code\Client\SimpleTimer.cpp">
      <Filter>Source Files\Utility</Filter>
    </ClCompile>
    <ClCompile Include="..\..\Code\Client\ClientStateStart.cpp">
      <Filter>Source Files\States</Filter>
    </ClCompile>
    <ClCompile Include="..\..\Code\Client\ClientStateGame.cpp">
      <Filter>Source Files\States</Filter>
    </ClCompile>
    <ClCompile Include="..\..\Code\Client\NetworkManager.cpp">
      <Filter>Header Files\Managerial</Filter>
    </ClCompile>
    <ClCompile Include="..\..\Code\Client\InputHandler.cpp">
      <Filter>Header Files\Managerial</Filter>
    </ClCompile>
    <ClCompile Include="..\..\Code\Client\TronClient.cpp">
      <Filter>Header Files\Core</Filter>
    </ClCompile>
    <ClCompile Include="..\..\Code\Client\TronNetworkManager.cpp">
      <Filter>Header Files\Managerial</Filter>
    </ClCompile>
  </ItemGroup>
  <ItemGroup>
    <ClInclude Include="..\..\Code\Client\InputHandler.h">
      <Filter>Header Files\Managerial</Filter>
    </ClInclude>
    <ClInclude Include="..\..\Code\Client\ObjectRenderer.h">
      <Filter>Header Files\Managerial</Filter>
    </ClInclude>
    <ClInclude Include="..\..\Code\Client\TronClient.h">
      <Filter>Header Files\Core</Filter>
    </ClInclude>
    <ClInclude Include="..\..\Code\Client\SimpleTimer.h">
      <Filter>Header Files\Utility</Filter>
    </ClInclude>
    <ClInclude Include="..\..\Code\Client\GameAction.h">
      <Filter>Header Files\Utility</Filter>
    </ClInclude>
    <ClInclude Include="..\..\Code\Client\ClientStateHandler.h">
      <Filter>Header Files\Managerial</Filter>
    </ClInclude>
    <ClInclude Include="..\..\Code\Client\ClientStateGame.h">
      <Filter>Header Files\States</Filter>
    </ClInclude>
    <ClInclude Include="..\..\Code\Client\ClientStateStart.h">
      <Filter>Header Files\States</Filter>
    </ClInclude>
    <ClInclude Include="..\..\Code\Client\ClientStates.h">
      <Filter>Header Files\States</Filter>
    </ClInclude>
    <ClInclude Include="..\..\Code\Client\ClientState.h">
      <Filter>Header Files\Core</Filter>
    </ClInclude>
    <ClInclude Include="..\..\Code\Client\ClientData.h">
      <Filter>Header Files\Core</Filter>
    </ClInclude>
    <ClInclude Include="..\..\Code\Client\NetworkManager.h">
      <Filter>Header Files\Managerial</Filter>
    </ClInclude>
    <ClInclude Include="..\..\Code\Client\ThreadDispatcher.h">
      <Filter>Header Files\Utility</Filter>
    </ClInclude>
    <ClInclude Include="..\..\Code\Client\TronNetworkManager.h">
      <Filter>Header Files\Managerial</Filter>
    </ClInclude>
    <ClInclude Include="..\..\Code\Client\NetworkClient.h">
      <Filter>Header Files\Managerial</Filter>
    </ClInclude>
  </ItemGroup>
</Project>