<?xml version="1.0" encoding="utf-8"?>
<Project ToolsVersion="4.0" xmlns="http://schemas.microsoft.com/developer/msbuild/2003">
  <ItemGroup>
    <Filter Include="Core">
      <UniqueIdentifier>{7616f457-91c4-4d62-bd2d-a09df5d7617c}</UniqueIdentifier>
    </Filter>
    <Filter Include="Managerial">
      <UniqueIdentifier>{adea4e22-e4e3-4504-839c-bd5b40dad044}</UniqueIdentifier>
    </Filter>
    <Filter Include="States">
      <UniqueIdentifier>{4b48d6a7-dd05-431e-ba71-4bd6dedff740}</UniqueIdentifier>
    </Filter>
    <Filter Include="Utility">
      <UniqueIdentifier>{e79fe75d-8fa0-4d68-a6a6-b1264bbeca94}</UniqueIdentifier>
    </Filter>
  </ItemGroup>
  <ItemGroup>
    <ClCompile Include="..\..\Code\Client\NetworkManager.cpp">
      <Filter>Managerial</Filter>
    </ClCompile>
    <ClCompile Include="..\..\Code\Client\InputHandler.cpp">
      <Filter>Managerial</Filter>
    </ClCompile>
    <ClCompile Include="..\..\Code\Client\TronClient.cpp">
      <Filter>Core</Filter>
    </ClCompile>
    <ClCompile Include="..\..\Code\Client\ClientStateGame.cpp">
      <Filter>States</Filter>
    </ClCompile>
    <ClCompile Include="..\..\Code\Client\ClientStateHandler.cpp">
      <Filter>Managerial</Filter>
    </ClCompile>
    <ClCompile Include="..\..\Code\Client\PrettyGrid.cpp">
      <Filter>Core</Filter>
    </ClCompile>
    <ClCompile Include="..\..\Code\Client\main_client.cpp" />
    <ClCompile Include="..\..\Code\Client\ClientStateLobby.cpp">
      <Filter>States</Filter>
    </ClCompile>
    <ClCompile Include="..\..\Code\Client\ClientStateEnd.cpp">
      <Filter>States</Filter>
    </ClCompile>
    <ClCompile Include="..\..\Code\Client\Player.cpp">
      <Filter>Core</Filter>
    </ClCompile>
    <ClCompile Include="..\..\Code\Client\GameManager.cpp">
      <Filter>Managerial</Filter>
    </ClCompile>
    <ClCompile Include="..\..\Code\Client\AssetManager.cpp">
      <Filter>Managerial</Filter>
    </ClCompile>
    <ClCompile Include="..\..\Code\Client\PlayerMarker.cpp">
      <Filter>Core</Filter>
    </ClCompile>
    <ClCompile Include="..\..\Code\Client\LobbyUI.cpp">
      <Filter>Core</Filter>
    </ClCompile>
    <ClCompile Include="..\..\Code\Client\LobbySlot.cpp">
      <Filter>Core</Filter>
    </ClCompile>
  </ItemGroup>
  <ItemGroup>
    <ClInclude Include="..\..\Code\Client\InputHandler.h">
      <Filter>Managerial</Filter>
    </ClInclude>
    <ClInclude Include="..\..\Code\Client\TronClient.h">
      <Filter>Core</Filter>
    </ClInclude>
    <ClInclude Include="..\..\Code\Client\GameAction.h">
      <Filter>Utility</Filter>
    </ClInclude>
    <ClInclude Include="..\..\Code\Client\ClientStateHandler.h">
      <Filter>Managerial</Filter>
    </ClInclude>
    <ClInclude Include="..\..\Code\Client\ClientStateGame.h">
      <Filter>States</Filter>
    </ClInclude>
    <ClInclude Include="..\..\Code\Client\ClientData.h">
      <Filter>Core</Filter>
    </ClInclude>
    <ClInclude Include="..\..\Code\Client\NetworkManager.h">
      <Filter>Managerial</Filter>
    </ClInclude>
    <ClInclude Include="..\..\Code\Client\ClientState.h">
      <Filter>States</Filter>
    </ClInclude>
    <ClInclude Include="..\..\Code\Client\PrettyGrid.h">
      <Filter>Core</Filter>
    </ClInclude>
    <ClInclude Include="..\..\Code\Client\ClientStateLobby.h">
      <Filter>States</Filter>
    </ClInclude>
    <ClInclude Include="..\..\Code\Client\ClientStateEnd.h">
      <Filter>States</Filter>
    </ClInclude>
    <ClInclude Include="..\..\Code\Client\Player.h">
      <Filter>Core</Filter>
    </ClInclude>
    <ClInclude Include="..\..\Code\Client\INetworkClient.h">
      <Filter>Core</Filter>
    </ClInclude>
    <ClInclude Include="..\..\Code\Client\GameManager.h">
      <Filter>Managerial</Filter>
    </ClInclude>
    <ClInclude Include="..\..\Code\Client\AssetManager.h">
      <Filter>Managerial</Filter>
    </ClInclude>
    <ClInclude Include="..\..\Code\Client\PlayerMarker.h">
      <Filter>Core</Filter>
    </ClInclude>
    <ClInclude Include="..\..\Code\Client\LobbyUI.h">
      <Filter>Core</Filter>
    </ClInclude>
    <ClInclude Include="..\..\Code\Client\LobbySlot.h">
      <Filter>Core</Filter>
    </ClInclude>
  </ItemGroup>
</Project>