<?xml version="1.0" encoding="utf-8"?>
<Project ToolsVersion="4.0" xmlns="http://schemas.microsoft.com/developer/msbuild/2003">
  <ItemGroup>
    <Filter Include="Core">
      <UniqueIdentifier>{f76b1dc9-67d6-4630-9d14-2b41a10d5a94}</UniqueIdentifier>
    </Filter>
    <Filter Include="Managerial">
      <UniqueIdentifier>{767e2c59-316f-4365-bd95-938b88655b0d}</UniqueIdentifier>
    </Filter>
    <Filter Include="Utility">
      <UniqueIdentifier>{895ace81-5647-4be3-9512-381d462517f5}</UniqueIdentifier>
    </Filter>
  </ItemGroup>
  <ItemGroup>
    <ClCompile Include="..\..\Code\Game\RandomEngine.cpp">
      <Filter>Utility</Filter>
    </ClCompile>
    <ClCompile Include="..\..\Code\Game\Simulation.cpp">
      <Filter>Core</Filter>
    </ClCompile>
    <ClCompile Include="..\..\Code\Game\Grid.cpp">
      <Filter>Core</Filter>
    </ClCompile>
    <ClCompile Include="..\..\Code\Game\Scheduler.cpp">
      <Filter>Managerial</Filter>
    </ClCompile>
    <ClCompile Include="..\..\Code\Game\SimpleTimer.cpp">
      <Filter>Utility</Filter>
    </ClCompile>
    <ClCompile Include="..\..\Code\Game\Bike.cpp">
      <Filter>Core</Filter>
    </ClCompile>
    <ClCompile Include="..\..\Code\Game\JHelper.cpp">
      <Filter>Utility</Filter>
    </ClCompile>
    <ClCompile Include="..\..\Code\Game\ThreadDispatcher.cpp">
      <Filter>Utility</Filter>
    </ClCompile>
    <ClCompile Include="..\..\Code\Game\FileIO.cpp">
      <Filter>Utility</Filter>
    </ClCompile>
    <ClCompile Include="..\..\Code\Game\BikeState.cpp">
      <Filter>Core</Filter>
    </ClCompile>
    <ClCompile Include="..\..\Code\Game\SimulationState.cpp">
      <Filter>Core</Filter>
    </ClCompile>
  </ItemGroup>
  <ItemGroup>
    <ClInclude Include="..\..\Code\Game\StateHandler.h">
      <Filter>Managerial</Filter>
    </ClInclude>
    <ClInclude Include="..\..\Code\Game\Noncopyable.h">
      <Filter>Utility</Filter>
    </ClInclude>
    <ClInclude Include="..\..\Code\Game\MoveDirection.h">
      <Filter>Core</Filter>
    </ClInclude>
    <ClInclude Include="..\..\Code\Game\RandomEngine.h">
      <Filter>Utility</Filter>
    </ClInclude>
    <ClInclude Include="..\..\Code\Game\Simulation.h">
      <Filter>Core</Filter>
    </ClInclude>
    <ClInclude Include="..\..\Code\Game\Vector2i.h">
      <Filter>Utility</Filter>
    </ClInclude>
    <ClInclude Include="..\..\Code\Game\Grid.h">
      <Filter>Core</Filter>
    </ClInclude>
    <ClInclude Include="..\..\Code\Game\CellValue.h">
      <Filter>Core</Filter>
    </ClInclude>
    <ClInclude Include="..\..\Code\Game\ListenerSubject.h">
      <Filter>Core</Filter>
    </ClInclude>
    <ClInclude Include="..\..\Code\Game\SimulationListener.h">
      <Filter>Core</Filter>
    </ClInclude>
    <ClInclude Include="..\..\Code\Game\Scheduler.h">
      <Filter>Managerial</Filter>
    </ClInclude>
    <ClInclude Include="..\..\Code\Game\SimpleTimer.h">
      <Filter>Utility</Filter>
    </ClInclude>
    <ClInclude Include="..\..\Code\Game\Bike.h">
      <Filter>Core</Filter>
    </ClInclude>
    <ClInclude Include="..\..\Code\Game\PlayerState.h">
      <Filter>Core</Filter>
    </ClInclude>
    <ClInclude Include="..\..\Code\Game\PacketID.h">
      <Filter>Core</Filter>
    </ClInclude>
    <ClInclude Include="..\..\Code\Game\State.h">
      <Filter>Core</Filter>
    </ClInclude>
    <ClInclude Include="..\..\Code\Game\Constants.h">
      <Filter>Core</Filter>
    </ClInclude>
    <ClInclude Include="..\..\Code\Game\ThreadDispatcher.h">
      <Filter>Utility</Filter>
    </ClInclude>
    <ClInclude Include="..\..\Code\Game\BikeState.h">
      <Filter>Core</Filter>
    </ClInclude>
    <ClInclude Include="..\..\Code\Game\SimulationState.h">
      <Filter>Core</Filter>
    </ClInclude>
    <ClInclude Include="..\..\Code\Game\JHelper.h">
      <Filter>Utility</Filter>
    </ClInclude>
    <ClInclude Include="..\..\Code\Game\GameStateIDs.h">
      <Filter>Core</Filter>
    </ClInclude>
    <ClInclude Include="..\..\Code\Game\ScheduledTask.h">
      <Filter>Managerial</Filter>
    </ClInclude>
    <ClInclude Include="..\..\Code\Game\FlowControl.h">
      <Filter>Core</Filter>
    </ClInclude>
    <ClInclude Include="..\..\Code\Game\ISimulation.h">
      <Filter>Core</Filter>
    </ClInclude>
    <ClInclude Include="..\..\Code\Game\ServerSettings.h">
      <Filter>Utility</Filter>
    </ClInclude>
    <ClInclude Include="..\..\Code\Game\FileIO.h">
      <Filter>Utility</Filter>
    </ClInclude>
  </ItemGroup>
</Project>